// !$*UTF8*$!
{
	archiveVersion = 1;
	classes = {
	};
	objectVersion = 50;
	objects = {

/* Begin PBXBuildFile section */
		F23BAF8124B8F9FA005C72EF /* AppDelegate.swift in Sources */ = {isa = PBXBuildFile; fileRef = F23BAF8024B8F9FA005C72EF /* AppDelegate.swift */; };
		F23BAF8324B8F9FA005C72EF /* SceneDelegate.swift in Sources */ = {isa = PBXBuildFile; fileRef = F23BAF8224B8F9FA005C72EF /* SceneDelegate.swift */; };
		F23BAF8524B8F9FA005C72EF /* MemeEditorViewController.swift in Sources */ = {isa = PBXBuildFile; fileRef = F23BAF8424B8F9FA005C72EF /* MemeEditorViewController.swift */; };
		F23BAF8824B8F9FA005C72EF /* Main.storyboard in Resources */ = {isa = PBXBuildFile; fileRef = F23BAF8624B8F9FA005C72EF /* Main.storyboard */; };
		F23BAF8A24B8F9FB005C72EF /* Assets.xcassets in Resources */ = {isa = PBXBuildFile; fileRef = F23BAF8924B8F9FB005C72EF /* Assets.xcassets */; };
		F23BAF8D24B8F9FB005C72EF /* LaunchScreen.storyboard in Resources */ = {isa = PBXBuildFile; fileRef = F23BAF8B24B8F9FB005C72EF /* LaunchScreen.storyboard */; };
		F23BAF9824B91E87005C72EF /* Meme.swift in Sources */ = {isa = PBXBuildFile; fileRef = F23BAF9724B91E87005C72EF /* Meme.swift */; };
		F23BAF9A24BA366A005C72EF /* AlertMsgs.swift in Sources */ = {isa = PBXBuildFile; fileRef = F23BAF9924BA366A005C72EF /* AlertMsgs.swift */; };
		F259B0E025059446009CA8EC /* SentMemesTableViewController.swift in Sources */ = {isa = PBXBuildFile; fileRef = F259B0DF25059446009CA8EC /* SentMemesTableViewController.swift */; };
		F259B0E22505945F009CA8EC /* SentMemesCollectionViewController.swift in Sources */ = {isa = PBXBuildFile; fileRef = F259B0E12505945F009CA8EC /* SentMemesCollectionViewController.swift */; };
		F259B0E425059781009CA8EC /* K.swift in Sources */ = {isa = PBXBuildFile; fileRef = F259B0E325059781009CA8EC /* K.swift */; };
		F259B0E62505A0F0009CA8EC /* MemeCVCell.swift in Sources */ = {isa = PBXBuildFile; fileRef = F259B0E52505A0F0009CA8EC /* MemeCVCell.swift */; };
		F259B0E825066667009CA8EC /* MemeDetailViewController.swift in Sources */ = {isa = PBXBuildFile; fileRef = F259B0E725066667009CA8EC /* MemeDetailViewController.swift */; };
/* End PBXBuildFile section */

/* Begin PBXFileReference section */
		F23BAF7D24B8F9FA005C72EF /* MemeMe.app */ = {isa = PBXFileReference; explicitFileType = wrapper.application; includeInIndex = 0; path = MemeMe.app; sourceTree = BUILT_PRODUCTS_DIR; };
		F23BAF8024B8F9FA005C72EF /* AppDelegate.swift */ = {isa = PBXFileReference; lastKnownFileType = sourcecode.swift; path = AppDelegate.swift; sourceTree = "<group>"; };
		F23BAF8224B8F9FA005C72EF /* SceneDelegate.swift */ = {isa = PBXFileReference; lastKnownFileType = sourcecode.swift; path = SceneDelegate.swift; sourceTree = "<group>"; };
		F23BAF8424B8F9FA005C72EF /* MemeEditorViewController.swift */ = {isa = PBXFileReference; lastKnownFileType = sourcecode.swift; path = MemeEditorViewController.swift; sourceTree = "<group>"; };
		F23BAF8724B8F9FA005C72EF /* Base */ = {isa = PBXFileReference; lastKnownFileType = file.storyboard; name = Base; path = Base.lproj/Main.storyboard; sourceTree = "<group>"; };
		F23BAF8924B8F9FB005C72EF /* Assets.xcassets */ = {isa = PBXFileReference; lastKnownFileType = folder.assetcatalog; path = Assets.xcassets; sourceTree = "<group>"; };
		F23BAF8C24B8F9FB005C72EF /* Base */ = {isa = PBXFileReference; lastKnownFileType = file.storyboard; name = Base; path = Base.lproj/LaunchScreen.storyboard; sourceTree = "<group>"; };
		F23BAF8E24B8F9FB005C72EF /* Info.plist */ = {isa = PBXFileReference; lastKnownFileType = text.plist.xml; path = Info.plist; sourceTree = "<group>"; };
		F23BAF9724B91E87005C72EF /* Meme.swift */ = {isa = PBXFileReference; lastKnownFileType = sourcecode.swift; path = Meme.swift; sourceTree = "<group>"; };
		F23BAF9924BA366A005C72EF /* AlertMsgs.swift */ = {isa = PBXFileReference; lastKnownFileType = sourcecode.swift; path = AlertMsgs.swift; sourceTree = "<group>"; };
		F259B0DF25059446009CA8EC /* SentMemesTableViewController.swift */ = {isa = PBXFileReference; lastKnownFileType = sourcecode.swift; path = SentMemesTableViewController.swift; sourceTree = "<group>"; };
		F259B0E12505945F009CA8EC /* SentMemesCollectionViewController.swift */ = {isa = PBXFileReference; lastKnownFileType = sourcecode.swift; path = SentMemesCollectionViewController.swift; sourceTree = "<group>"; };
		F259B0E325059781009CA8EC /* K.swift */ = {isa = PBXFileReference; lastKnownFileType = sourcecode.swift; path = K.swift; sourceTree = "<group>"; };
		F259B0E52505A0F0009CA8EC /* MemeCVCell.swift */ = {isa = PBXFileReference; lastKnownFileType = sourcecode.swift; path = MemeCVCell.swift; sourceTree = "<group>"; };
		F259B0E725066667009CA8EC /* MemeDetailViewController.swift */ = {isa = PBXFileReference; lastKnownFileType = sourcecode.swift; path = MemeDetailViewController.swift; sourceTree = "<group>"; };
/* End PBXFileReference section */

/* Begin PBXFrameworksBuildPhase section */
		F23BAF7A24B8F9FA005C72EF /* Frameworks */ = {
			isa = PBXFrameworksBuildPhase;
			buildActionMask = 2147483647;
			files = (
			);
			runOnlyForDeploymentPostprocessing = 0;
		};
/* End PBXFrameworksBuildPhase section */

/* Begin PBXGroup section */
		F23BAF7424B8F9FA005C72EF = {
			isa = PBXGroup;
			children = (
				F23BAF7F24B8F9FA005C72EF /* MemeMe */,
				F23BAF7E24B8F9FA005C72EF /* Products */,
			);
			sourceTree = "<group>";
		};
		F23BAF7E24B8F9FA005C72EF /* Products */ = {
			isa = PBXGroup;
			children = (
				F23BAF7D24B8F9FA005C72EF /* MemeMe.app */,
			);
			name = Products;
			sourceTree = "<group>";
		};
		F23BAF7F24B8F9FA005C72EF /* MemeMe */ = {
			isa = PBXGroup;
			children = (
				F23BAF8024B8F9FA005C72EF /* AppDelegate.swift */,
				F23BAF8224B8F9FA005C72EF /* SceneDelegate.swift */,
				F23BAF9624B91E71005C72EF /* Model */,
				F23BAF9424B8FA8C005C72EF /* Controller */,
				F23BAF9524B8FA95005C72EF /* View */,
				F23BAF8924B8F9FB005C72EF /* Assets.xcassets */,
				F23BAF8B24B8F9FB005C72EF /* LaunchScreen.storyboard */,
				F23BAF8E24B8F9FB005C72EF /* Info.plist */,
			);
			path = MemeMe;
			sourceTree = "<group>";
		};
		F23BAF9424B8FA8C005C72EF /* Controller */ = {
			isa = PBXGroup;
			children = (
				F259B0DF25059446009CA8EC /* SentMemesTableViewController.swift */,
				F259B0E12505945F009CA8EC /* SentMemesCollectionViewController.swift */,
				F259B0E725066667009CA8EC /* MemeDetailViewController.swift */,
				F23BAF8424B8F9FA005C72EF /* MemeEditorViewController.swift */,
			);
			path = Controller;
			sourceTree = "<group>";
		};
		F23BAF9524B8FA95005C72EF /* View */ = {
			isa = PBXGroup;
			children = (
				F23BAF8624B8F9FA005C72EF /* Main.storyboard */,
				F259B0E52505A0F0009CA8EC /* MemeCVCell.swift */,
			);
			path = View;
			sourceTree = "<group>";
		};
		F23BAF9624B91E71005C72EF /* Model */ = {
			isa = PBXGroup;
			children = (
				F23BAF9724B91E87005C72EF /* Meme.swift */,
				F23BAF9924BA366A005C72EF /* AlertMsgs.swift */,
				F259B0E325059781009CA8EC /* K.swift */,
			);
			path = Model;
			sourceTree = "<group>";
		};
/* End PBXGroup section */

/* Begin PBXNativeTarget section */
		F23BAF7C24B8F9FA005C72EF /* MemeMe */ = {
			isa = PBXNativeTarget;
			buildConfigurationList = F23BAF9124B8F9FB005C72EF /* Build configuration list for PBXNativeTarget "MemeMe" */;
			buildPhases = (
				F23BAF7924B8F9FA005C72EF /* Sources */,
				F23BAF7A24B8F9FA005C72EF /* Frameworks */,
				F23BAF7B24B8F9FA005C72EF /* Resources */,
			);
			buildRules = (
			);
			dependencies = (
			);
			name = MemeMe;
			productName = MemeMe;
			productReference = F23BAF7D24B8F9FA005C72EF /* MemeMe.app */;
			productType = "com.apple.product-type.application";
		};
/* End PBXNativeTarget section */

/* Begin PBXProject section */
		F23BAF7524B8F9FA005C72EF /* Project object */ = {
			isa = PBXProject;
			attributes = {
				LastSwiftUpdateCheck = 1150;
				LastUpgradeCheck = 1150;
				ORGANIZATIONNAME = "Jonathan Sweeney";
				TargetAttributes = {
					F23BAF7C24B8F9FA005C72EF = {
						CreatedOnToolsVersion = 11.5;
					};
				};
			};
			buildConfigurationList = F23BAF7824B8F9FA005C72EF /* Build configuration list for PBXProject "MemeMe" */;
			compatibilityVersion = "Xcode 9.3";
			developmentRegion = en;
			hasScannedForEncodings = 0;
			knownRegions = (
				en,
				Base,
			);
			mainGroup = F23BAF7424B8F9FA005C72EF;
			productRefGroup = F23BAF7E24B8F9FA005C72EF /* Products */;
			projectDirPath = "";
			projectRoot = "";
			targets = (
				F23BAF7C24B8F9FA005C72EF /* MemeMe */,
			);
		};
/* End PBXProject section */

/* Begin PBXResourcesBuildPhase section */
		F23BAF7B24B8F9FA005C72EF /* Resources */ = {
			isa = PBXResourcesBuildPhase;
			buildActionMask = 2147483647;
			files = (
				F23BAF8D24B8F9FB005C72EF /* LaunchScreen.storyboard in Resources */,
				F23BAF8A24B8F9FB005C72EF /* Assets.xcassets in Resources */,
				F23BAF8824B8F9FA005C72EF /* Main.storyboard in Resources */,
			);
			runOnlyForDeploymentPostprocessing = 0;
		};
/* End PBXResourcesBuildPhase section */

/* Begin PBXSourcesBuildPhase section */
		F23BAF7924B8F9FA005C72EF /* Sources */ = {
			isa = PBXSourcesBuildPhase;
			buildActionMask = 2147483647;
			files = (
				F23BAF9A24BA366A005C72EF /* AlertMsgs.swift in Sources */,
				F23BAF8524B8F9FA005C72EF /* MemeEditorViewController.swift in Sources */,
				F259B0E62505A0F0009CA8EC /* MemeCVCell.swift in Sources */,
				F23BAF9824B91E87005C72EF /* Meme.swift in Sources */,
				F259B0E025059446009CA8EC /* SentMemesTableViewController.swift in Sources */,
				F259B0E22505945F009CA8EC /* SentMemesCollectionViewController.swift in Sources */,
				F259B0E425059781009CA8EC /* K.swift in Sources */,
				F23BAF8124B8F9FA005C72EF /* AppDelegate.swift in Sources */,
				F23BAF8324B8F9FA005C72EF /* SceneDelegate.swift in Sources */,
				F259B0E825066667009CA8EC /* MemeDetailViewController.swift in Sources */,
			);
			runOnlyForDeploymentPostprocessing = 0;
		};
/* End PBXSourcesBuildPhase section */

/* Begin PBXVariantGroup section */
		F23BAF8624B8F9FA005C72EF /* Main.storyboard */ = {
			isa = PBXVariantGroup;
			children = (
				F23BAF8724B8F9FA005C72EF /* Base */,
			);
			name = Main.storyboard;
			sourceTree = "<group>";
		};
		F23BAF8B24B8F9FB005C72EF /* LaunchScreen.storyboard */ = {
			isa = PBXVariantGroup;
			children = (
				F23BAF8C24B8F9FB005C72EF /* Base */,
			);
			name = LaunchScreen.storyboard;
			sourceTree = "<group>";
		};
/* End PBXVariantGroup section */

/* Begin XCBuildConfiguration section */
		F23BAF8F24B8F9FB005C72EF /* Debug */ = {
			isa = XCBuildConfiguration;
			buildSettings = {
				ALWAYS_SEARCH_USER_PATHS = NO;
				CLANG_ANALYZER_NONNULL = YES;
				CLANG_ANALYZER_NUMBER_OBJECT_CONVERSION = YES_AGGRESSIVE;
				CLANG_CXX_LANGUAGE_STANDARD = "gnu++14";
				CLANG_CXX_LIBRARY = "libc++";
				CLANG_ENABLE_MODULES = YES;
				CLANG_ENABLE_OBJC_ARC = YES;
				CLANG_ENABLE_OBJC_WEAK = YES;
				CLANG_WARN_BLOCK_CAPTURE_AUTORELEASING = YES;
				CLANG_WARN_BOOL_CONVERSION = YES;
				CLANG_WARN_COMMA = YES;
				CLANG_WARN_CONSTANT_CONVERSION = YES;
				CLANG_WARN_DEPRECATED_OBJC_IMPLEMENTATIONS = YES;
				CLANG_WARN_DIRECT_OBJC_ISA_USAGE = YES_ERROR;
				CLANG_WARN_DOCUMENTATION_COMMENTS = YES;
				CLANG_WARN_EMPTY_BODY = YES;
				CLANG_WARN_ENUM_CONVERSION = YES;
				CLANG_WARN_INFINITE_RECURSION = YES;
				CLANG_WARN_INT_CONVERSION = YES;
				CLANG_WARN_NON_LITERAL_NULL_CONVERSION = YES;
				CLANG_WARN_OBJC_IMPLICIT_RETAIN_SELF = YES;
				CLANG_WARN_OBJC_LITERAL_CONVERSION = YES;
				CLANG_WARN_OBJC_ROOT_CLASS = YES_ERROR;
				CLANG_WARN_RANGE_LOOP_ANALYSIS = YES;
				CLANG_WARN_STRICT_PROTOTYPES = YES;
				CLANG_WARN_SUSPICIOUS_MOVE = YES;
				CLANG_WARN_UNGUARDED_AVAILABILITY = YES_AGGRESSIVE;
				CLANG_WARN_UNREACHABLE_CODE = YES;
				CLANG_WARN__DUPLICATE_METHOD_MATCH = YES;
				COPY_PHASE_STRIP = NO;
				DEBUG_INFORMATION_FORMAT = dwarf;
				ENABLE_STRICT_OBJC_MSGSEND = YES;
				ENABLE_TESTABILITY = YES;
				GCC_C_LANGUAGE_STANDARD = gnu11;
				GCC_DYNAMIC_NO_PIC = NO;
				GCC_NO_COMMON_BLOCKS = YES;
				GCC_OPTIMIZATION_LEVEL = 0;
				GCC_PREPROCESSOR_DEFINITIONS = (
					"DEBUG=1",
					"$(inherited)",
				);
				GCC_WARN_64_TO_32_BIT_CONVERSION = YES;
				GCC_WARN_ABOUT_RETURN_TYPE = YES_ERROR;
				GCC_WARN_UNDECLARED_SELECTOR = YES;
				GCC_WARN_UNINITIALIZED_AUTOS = YES_AGGRESSIVE;
				GCC_WARN_UNUSED_FUNCTION = YES;
				GCC_WARN_UNUSED_VARIABLE = YES;
				IPHONEOS_DEPLOYMENT_TARGET = 13.5;
				MTL_ENABLE_DEBUG_INFO = INCLUDE_SOURCE;
				MTL_FAST_MATH = YES;
				ONLY_ACTIVE_ARCH = YES;
				SDKROOT = iphoneos;
				SWIFT_ACTIVE_COMPILATION_CONDITIONS = DEBUG;
				SWIFT_OPTIMIZATION_LEVEL = "-Onone";
			};
			name = Debug;
		};
		F23BAF9024B8F9FB005C72EF /* Release */ = {
			isa = XCBuildConfiguration;
			buildSettings = {
				ALWAYS_SEARCH_USER_PATHS = NO;
				CLANG_ANALYZER_NONNULL = YES;
				CLANG_ANALYZER_NUMBER_OBJECT_CONVERSION = YES_AGGRESSIVE;
				CLANG_CXX_LANGUAGE_STANDARD = "gnu++14";
				CLANG_CXX_LIBRARY = "libc++";
				CLANG_ENABLE_MODULES = YES;
				CLANG_ENABLE_OBJC_ARC = YES;
				CLANG_ENABLE_OBJC_WEAK = YES;
				CLANG_WARN_BLOCK_CAPTURE_AUTORELEASING = YES;
				CLANG_WARN_BOOL_CONVERSION = YES;
				CLANG_WARN_COMMA = YES;
				CLANG_WARN_CONSTANT_CONVERSION = YES;
				CLANG_WARN_DEPRECATED_OBJC_IMPLEMENTATIONS = YES;
				CLANG_WARN_DIRECT_OBJC_ISA_USAGE = YES_ERROR;
				CLANG_WARN_DOCUMENTATION_COMMENTS = YES;
				CLANG_WARN_EMPTY_BODY = YES;
				CLANG_WARN_ENUM_CONVERSION = YES;
				CLANG_WARN_INFINITE_RECURSION = YES;
				CLANG_WARN_INT_CONVERSION = YES;
				CLANG_WARN_NON_LITERAL_NULL_CONVERSION = YES;
				CLANG_WARN_OBJC_IMPLICIT_RETAIN_SELF = YES;
				CLANG_WARN_OBJC_LITERAL_CONVERSION = YES;
				CLANG_WARN_OBJC_ROOT_CLASS = YES_ERROR;
				CLANG_WARN_RANGE_LOOP_ANALYSIS = YES;
				CLANG_WARN_STRICT_PROTOTYPES = YES;
				CLANG_WARN_SUSPICIOUS_MOVE = YES;
				CLANG_WARN_UNGUARDED_AVAILABILITY = YES_AGGRESSIVE;
				CLANG_WARN_UNREACHABLE_CODE = YES;
				CLANG_WARN__DUPLICATE_METHOD_MATCH = YES;
				COPY_PHASE_STRIP = NO;
				DEBUG_INFORMATION_FORMAT = "dwarf-with-dsym";
				ENABLE_NS_ASSERTIONS = NO;
				ENABLE_STRICT_OBJC_MSGSEND = YES;
				GCC_C_LANGUAGE_STANDARD = gnu11;
				GCC_NO_COMMON_BLOCKS = YES;
				GCC_WARN_64_TO_32_BIT_CONVERSION = YES;
				GCC_WARN_ABOUT_RETURN_TYPE = YES_ERROR;
				GCC_WARN_UNDECLARED_SELECTOR = YES;
				GCC_WARN_UNINITIALIZED_AUTOS = YES_AGGRESSIVE;
				GCC_WARN_UNUSED_FUNCTION = YES;
				GCC_WARN_UNUSED_VARIABLE = YES;
				IPHONEOS_DEPLOYMENT_TARGET = 13.5;
				MTL_ENABLE_DEBUG_INFO = NO;
				MTL_FAST_MATH = YES;
				SDKROOT = iphoneos;
				SWIFT_COMPILATION_MODE = wholemodule;
				SWIFT_OPTIMIZATION_LEVEL = "-O";
				VALIDATE_PRODUCT = YES;
			};
			name = Release;
		};
		F23BAF9224B8F9FB005C72EF /* Debug */ = {
			isa = XCBuildConfiguration;
			buildSettings = {
				ASSETCATALOG_COMPILER_APPICON_NAME = AppIcon;
				CODE_SIGN_STYLE = Automatic;
				DEVELOPMENT_TEAM = 9XZH24N38H;
				INFOPLIST_FILE = MemeMe/Info.plist;
				LD_RUNPATH_SEARCH_PATHS = (
					"$(inherited)",
					"@executable_path/Frameworks",
				);
				PRODUCT_BUNDLE_IDENTIFIER = com.jsween.MemeMe;
				PRODUCT_NAME = "$(TARGET_NAME)";
				SWIFT_VERSION = 5.0;
				TARGETED_DEVICE_FAMILY = "1,2";
			};
			name = Debug;
		};
		F23BAF9324B8F9FB005C72EF /* Release */ = {
			isa = XCBuildConfiguration;
			buildSettings = {
				ASSETCATALOG_COMPILER_APPICON_NAME = AppIcon;
				CODE_SIGN_STYLE = Automatic;
				DEVELOPMENT_TEAM = 9XZH24N38H;
				INFOPLIST_FILE = MemeMe/Info.plist;
				LD_RUNPATH_SEARCH_PATHS = (
					"$(inherited)",
					"@executable_path/Frameworks",
				);
				PRODUCT_BUNDLE_IDENTIFIER = com.jsween.MemeMe;
				PRODUCT_NAME = "$(TARGET_NAME)";
				SWIFT_VERSION = 5.0;
				TARGETED_DEVICE_FAMILY = "1,2";
			};
			name = Release;
		};
/* End XCBuildConfiguration section */

/* Begin XCConfigurationList section */
		F23BAF7824B8F9FA005C72EF /* Build configuration list for PBXProject "MemeMe" */ = {
			isa = XCConfigurationList;
			buildConfigurations = (
				F23BAF8F24B8F9FB005C72EF /* Debug */,
				F23BAF9024B8F9FB005C72EF /* Release */,
			);
			defaultConfigurationIsVisible = 0;
			defaultConfigurationName = Release;
		};
		F23BAF9124B8F9FB005C72EF /* Build configuration list for PBXNativeTarget "MemeMe" */ = {
			isa = XCConfigurationList;
			buildConfigurations = (
				F23BAF9224B8F9FB005C72EF /* Debug */,
				F23BAF9324B8F9FB005C72EF /* Release */,
			);
			defaultConfigurationIsVisible = 0;
			defaultConfigurationName = Release;
		};
/* End XCConfigurationList section */
	};
	rootObject = F23BAF7524B8F9FA005C72EF /* Project object */;
}
